{
  "pins" : [
    {
      "identity" : "mealzcorerelease",
      "kind" : "remoteSourceControl",
      "location" : "https://github.com/miamtech/MealzCoreRelease",
      "state" : {
        "revision" : "d7a0b29d5f3034460e6cfb39793a1d50102fd932",
        "version" : "5.10.8"
      }
    },
    {
      "identity" : "mealziossdkrelease",
      "kind" : "remoteSourceControl",
      "location" : "https://github.com/miamtech/MealziOSSDKRelease",
      "state" : {
        "revision" : "e0042a62d1b7039ee1e372ad2902cd358b65e797",
        "version" : "5.10.8"
      }
    }
  ],
  "version" : 2
}
