{
  "pins" : [
    {
      "identity" : "mealzcorerelease",
      "kind" : "remoteSourceControl",
      "location" : "https://github.com/miamtech/MealzCoreRelease",
      "state" : {
        "revision" : "17c36a5e15fdfd251b200450a5b22b9852276528",
        "version" : "6.0.3"
      }
    },
    {
      "identity" : "mealziossdkrelease",
      "kind" : "remoteSourceControl",
      "location" : "https://github.com/miamtech/MealziOSSDKRelease",
      "state" : {
        "revision" : "ef6c3106a8bf47c0dbcafbd493f11ffd0c6bf619",
        "version" : "6.0.3"
      }
    }
  ],
  "version" : 2
}
